<?xml version="1.0" encoding="utf-8"?>
<Project ToolsVersion="4.0" xmlns="http://schemas.microsoft.com/developer/msbuild/2003">
  <ItemGroup>
    <ClInclude Include="PreCompile.h">
      <Filter>00_PreCompile</Filter>
    </ClInclude>
    <ClInclude Include="ContentsCore.h">
      <Filter>02_Core</Filter>
    </ClInclude>
    <ClInclude Include="Knight.h">
      <Filter>04_Global</Filter>
    </ClInclude>
    <ClInclude Include="TitleGameMode.h">
      <Filter>03_Level</Filter>
    </ClInclude>
    <ClInclude Include="PlayGameMode.h">
      <Filter>03_Level</Filter>
    </ClInclude>
    <ClInclude Include="TitleLogo.h">
      <Filter>05_Title</Filter>
    </ClInclude>
    <ClInclude Include="Global.h">
      <Filter>04_Global</Filter>
    </ClInclude>
    <ClInclude Include="EffectRenderer.h">
      <Filter>04_Global</Filter>
    </ClInclude>
  </ItemGroup>
  <ItemGroup>
    <ClCompile Include="PreCompile.cpp">
      <Filter>00_PreCompile</Filter>
    </ClCompile>
    <ClCompile Include="ContentsCore.cpp">
      <Filter>02_Core</Filter>
    </ClCompile>
    <ClCompile Include="Knight.cpp">
      <Filter>04_Global</Filter>
    </ClCompile>
    <ClCompile Include="PlayGameMode.cpp">
      <Filter>03_Level</Filter>
    </ClCompile>
    <ClCompile Include="TitleGameMode.cpp">
      <Filter>03_Level</Filter>
    </ClCompile>
    <ClCompile Include="TitleLogo.cpp">
      <Filter>05_Title</Filter>
    </ClCompile>
    <ClCompile Include="Global.cpp">
      <Filter>04_Global</Filter>
    </ClCompile>
    <ClCompile Include="EffectRenderer.cpp">
      <Filter>04_Global</Filter>
    </ClCompile>
  </ItemGroup>
  <ItemGroup>
    <Filter Include="00_PreCompile">
      <UniqueIdentifier>{e77ec849-f508-4c7f-93bd-8088b5abd8c5}</UniqueIdentifier>
    </Filter>
    <Filter Include="01_Debug">
      <UniqueIdentifier>{5eda3c6f-8d50-4a71-ae6f-500a6ba5d854}</UniqueIdentifier>
    </Filter>
    <Filter Include="02_Core">
      <UniqueIdentifier>{09ff3bdc-96dc-4229-8b75-39c1c3dc0dd8}</UniqueIdentifier>
    </Filter>
    <Filter Include="04_Global">
      <UniqueIdentifier>{73895d3d-87b8-4ffd-a962-7cd03df8a97f}</UniqueIdentifier>
    </Filter>
    <Filter Include="03_Level">
      <UniqueIdentifier>{58d3821e-f186-4e77-a861-8f16b9ad13ed}</UniqueIdentifier>
    </Filter>
    <Filter Include="05_Title">
      <UniqueIdentifier>{3800a162-1370-4574-8d59-4350535b3ba0}</UniqueIdentifier>
    </Filter>
    <Filter Include="06_Play">
      <UniqueIdentifier>{90d40787-bd6c-4314-b86a-fd988ad3fbe1}</UniqueIdentifier>
    </Filter>
  </ItemGroup>
</Project>